// !$*UTF8*$!
{
	archiveVersion = 1;
	classes = {
	};
	objectVersion = 50;
	objects = {

/* Begin PBXBuildFile section */
		CFAC65C8238B1D1A00C3E377 /* AppDelegate.swift in Sources */ = {isa = PBXBuildFile; fileRef = CFAC65C7238B1D1A00C3E377 /* AppDelegate.swift */; };
		CFAC65CA238B1D1A00C3E377 /* SceneDelegate.swift in Sources */ = {isa = PBXBuildFile; fileRef = CFAC65C9238B1D1A00C3E377 /* SceneDelegate.swift */; };
		CFAC65CC238B1D1A00C3E377 /* ContentView.swift in Sources */ = {isa = PBXBuildFile; fileRef = CFAC65CB238B1D1A00C3E377 /* ContentView.swift */; };
		CFAC65CE238B1D1A00C3E377 /* Assets.xcassets in Resources */ = {isa = PBXBuildFile; fileRef = CFAC65CD238B1D1A00C3E377 /* Assets.xcassets */; };
		CFAC65D1238B1D1A00C3E377 /* Preview Assets.xcassets in Resources */ = {isa = PBXBuildFile; fileRef = CFAC65D0238B1D1A00C3E377 /* Preview Assets.xcassets */; };
		CFAC65D4238B1D1A00C3E377 /* LaunchScreen.storyboard in Resources */ = {isa = PBXBuildFile; fileRef = CFAC65D2238B1D1A00C3E377 /* LaunchScreen.storyboard */; };
		CFAC65DD238B234100C3E377 /* NetworkManager.swift in Sources */ = {isa = PBXBuildFile; fileRef = CFAC65DC238B234100C3E377 /* NetworkManager.swift */; };
		CFAC65DF238B24CA00C3E377 /* PostData.swift in Sources */ = {isa = PBXBuildFile; fileRef = CFAC65DE238B24CA00C3E377 /* PostData.swift */; };
		CFAC65E2238B2AC700C3E377 /* DetailView.swift in Sources */ = {isa = PBXBuildFile; fileRef = CFAC65E1238B2AC700C3E377 /* DetailView.swift */; };
		CFAC65E4238B2DFB00C3E377 /* WebView.swift in Sources */ = {isa = PBXBuildFile; fileRef = CFAC65E3238B2DFB00C3E377 /* WebView.swift */; };
/* End PBXBuildFile section */

/* Begin PBXFileReference section */
		CFAC65C4238B1D1A00C3E377 /* H4X0R-News.app */ = {isa = PBXFileReference; explicitFileType = wrapper.application; includeInIndex = 0; path = "H4X0R-News.app"; sourceTree = BUILT_PRODUCTS_DIR; };
		CFAC65C7238B1D1A00C3E377 /* AppDelegate.swift */ = {isa = PBXFileReference; lastKnownFileType = sourcecode.swift; path = AppDelegate.swift; sourceTree = "<group>"; };
		CFAC65C9238B1D1A00C3E377 /* SceneDelegate.swift */ = {isa = PBXFileReference; lastKnownFileType = sourcecode.swift; path = SceneDelegate.swift; sourceTree = "<group>"; };
		CFAC65CB238B1D1A00C3E377 /* ContentView.swift */ = {isa = PBXFileReference; lastKnownFileType = sourcecode.swift; path = ContentView.swift; sourceTree = "<group>"; };
		CFAC65CD238B1D1A00C3E377 /* Assets.xcassets */ = {isa = PBXFileReference; lastKnownFileType = folder.assetcatalog; path = Assets.xcassets; sourceTree = "<group>"; };
		CFAC65D0238B1D1A00C3E377 /* Preview Assets.xcassets */ = {isa = PBXFileReference; lastKnownFileType = folder.assetcatalog; path = "Preview Assets.xcassets"; sourceTree = "<group>"; };
		CFAC65D3238B1D1A00C3E377 /* Base */ = {isa = PBXFileReference; lastKnownFileType = file.storyboard; name = Base; path = Base.lproj/LaunchScreen.storyboard; sourceTree = "<group>"; };
		CFAC65D5238B1D1A00C3E377 /* Info.plist */ = {isa = PBXFileReference; lastKnownFileType = text.plist.xml; path = Info.plist; sourceTree = "<group>"; };
		CFAC65DC238B234100C3E377 /* NetworkManager.swift */ = {isa = PBXFileReference; lastKnownFileType = sourcecode.swift; path = NetworkManager.swift; sourceTree = "<group>"; };
		CFAC65DE238B24CA00C3E377 /* PostData.swift */ = {isa = PBXFileReference; lastKnownFileType = sourcecode.swift; path = PostData.swift; sourceTree = "<group>"; };
		CFAC65E1238B2AC700C3E377 /* DetailView.swift */ = {isa = PBXFileReference; lastKnownFileType = sourcecode.swift; path = DetailView.swift; sourceTree = "<group>"; };
		CFAC65E3238B2DFB00C3E377 /* WebView.swift */ = {isa = PBXFileReference; lastKnownFileType = sourcecode.swift; path = WebView.swift; sourceTree = "<group>"; };
		CFAC65E5238B305A00C3E377 /* H4X0R-News.entitlements */ = {isa = PBXFileReference; lastKnownFileType = text.plist.entitlements; path = "H4X0R-News.entitlements"; sourceTree = "<group>"; };
/* End PBXFileReference section */

/* Begin PBXFrameworksBuildPhase section */
		CFAC65C1238B1D1A00C3E377 /* Frameworks */ = {
			isa = PBXFrameworksBuildPhase;
			buildActionMask = 2147483647;
			files = (
			);
			runOnlyForDeploymentPostprocessing = 0;
		};
/* End PBXFrameworksBuildPhase section */

/* Begin PBXGroup section */
		CFAC65BB238B1D1A00C3E377 = {
			isa = PBXGroup;
			children = (
				CFAC65C6238B1D1A00C3E377 /* H4X0R-News */,
				CFAC65C5238B1D1A00C3E377 /* Products */,
			);
			sourceTree = "<group>";
		};
		CFAC65C5238B1D1A00C3E377 /* Products */ = {
			isa = PBXGroup;
			children = (
				CFAC65C4238B1D1A00C3E377 /* H4X0R-News.app */,
			);
			name = Products;
			sourceTree = "<group>";
		};
		CFAC65C6238B1D1A00C3E377 /* H4X0R-News */ = {
			isa = PBXGroup;
			children = (
				CFAC65E5238B305A00C3E377 /* H4X0R-News.entitlements */,
				CFAC65E0238B2A9600C3E377 /* Views */,
				CFAC65DB238B232900C3E377 /* Models */,
				CFAC65C7238B1D1A00C3E377 /* AppDelegate.swift */,
				CFAC65C9238B1D1A00C3E377 /* SceneDelegate.swift */,
				CFAC65CD238B1D1A00C3E377 /* Assets.xcassets */,
				CFAC65D2238B1D1A00C3E377 /* LaunchScreen.storyboard */,
				CFAC65D5238B1D1A00C3E377 /* Info.plist */,
				CFAC65CF238B1D1A00C3E377 /* Preview Content */,
			);
			path = "H4X0R-News";
			sourceTree = "<group>";
		};
		CFAC65CF238B1D1A00C3E377 /* Preview Content */ = {
			isa = PBXGroup;
			children = (
				CFAC65D0238B1D1A00C3E377 /* Preview Assets.xcassets */,
			);
			path = "Preview Content";
			sourceTree = "<group>";
		};
		CFAC65DB238B232900C3E377 /* Models */ = {
			isa = PBXGroup;
			children = (
				CFAC65DC238B234100C3E377 /* NetworkManager.swift */,
				CFAC65DE238B24CA00C3E377 /* PostData.swift */,
			);
			path = Models;
			sourceTree = "<group>";
		};
		CFAC65E0238B2A9600C3E377 /* Views */ = {
			isa = PBXGroup;
			children = (
				CFAC65CB238B1D1A00C3E377 /* ContentView.swift */,
				CFAC65E1238B2AC700C3E377 /* DetailView.swift */,
				CFAC65E3238B2DFB00C3E377 /* WebView.swift */,
			);
			path = Views;
			sourceTree = "<group>";
		};
/* End PBXGroup section */

/* Begin PBXNativeTarget section */
		CFAC65C3238B1D1A00C3E377 /* H4X0R-News */ = {
			isa = PBXNativeTarget;
			buildConfigurationList = CFAC65D8238B1D1A00C3E377 /* Build configuration list for PBXNativeTarget "H4X0R-News" */;
			buildPhases = (
				CFAC65C0238B1D1A00C3E377 /* Sources */,
				CFAC65C1238B1D1A00C3E377 /* Frameworks */,
				CFAC65C2238B1D1A00C3E377 /* Resources */,
			);
			buildRules = (
			);
			dependencies = (
			);
			name = "H4X0R-News";
			productName = "H4X0R-News";
			productReference = CFAC65C4238B1D1A00C3E377 /* H4X0R-News.app */;
			productType = "com.apple.product-type.application";
		};
/* End PBXNativeTarget section */

/* Begin PBXProject section */
		CFAC65BC238B1D1A00C3E377 /* Project object */ = {
			isa = PBXProject;
			attributes = {
				LastSwiftUpdateCheck = 1120;
				LastUpgradeCheck = 1120;
				ORGANIZATIONNAME = "José Javier Cueto Mejía";
				TargetAttributes = {
					CFAC65C3238B1D1A00C3E377 = {
						CreatedOnToolsVersion = 11.2.1;
					};
				};
			};
			buildConfigurationList = CFAC65BF238B1D1A00C3E377 /* Build configuration list for PBXProject "H4X0R-News" */;
			compatibilityVersion = "Xcode 9.3";
			developmentRegion = en;
			hasScannedForEncodings = 0;
			knownRegions = (
				en,
				Base,
			);
			mainGroup = CFAC65BB238B1D1A00C3E377;
			productRefGroup = CFAC65C5238B1D1A00C3E377 /* Products */;
			projectDirPath = "";
			projectRoot = "";
			targets = (
				CFAC65C3238B1D1A00C3E377 /* H4X0R-News */,
			);
		};
/* End PBXProject section */

/* Begin PBXResourcesBuildPhase section */
		CFAC65C2238B1D1A00C3E377 /* Resources */ = {
			isa = PBXResourcesBuildPhase;
			buildActionMask = 2147483647;
			files = (
				CFAC65D4238B1D1A00C3E377 /* LaunchScreen.storyboard in Resources */,
				CFAC65D1238B1D1A00C3E377 /* Preview Assets.xcassets in Resources */,
				CFAC65CE238B1D1A00C3E377 /* Assets.xcassets in Resources */,
			);
			runOnlyForDeploymentPostprocessing = 0;
		};
/* End PBXResourcesBuildPhase section */

/* Begin PBXSourcesBuildPhase section */
		CFAC65C0238B1D1A00C3E377 /* Sources */ = {
			isa = PBXSourcesBuildPhase;
			buildActionMask = 2147483647;
			files = (
				CFAC65DF238B24CA00C3E377 /* PostData.swift in Sources */,
				CFAC65E2238B2AC700C3E377 /* DetailView.swift in Sources */,
				CFAC65DD238B234100C3E377 /* NetworkManager.swift in Sources */,
				CFAC65C8238B1D1A00C3E377 /* AppDelegate.swift in Sources */,
				CFAC65CA238B1D1A00C3E377 /* SceneDelegate.swift in Sources */,
				CFAC65CC238B1D1A00C3E377 /* ContentView.swift in Sources */,
				CFAC65E4238B2DFB00C3E377 /* WebView.swift in Sources */,
			);
			runOnlyForDeploymentPostprocessing = 0;
		};
/* End PBXSourcesBuildPhase section */

/* Begin PBXVariantGroup section */
		CFAC65D2238B1D1A00C3E377 /* LaunchScreen.storyboard */ = {
			isa = PBXVariantGroup;
			children = (
				CFAC65D3238B1D1A00C3E377 /* Base */,
			);
			name = LaunchScreen.storyboard;
			sourceTree = "<group>";
		};
/* End PBXVariantGroup section */

/* Begin XCBuildConfiguration section */
		CFAC65D6238B1D1A00C3E377 /* Debug */ = {
			isa = XCBuildConfiguration;
			buildSettings = {
				ALWAYS_SEARCH_USER_PATHS = NO;
				CLANG_ANALYZER_NONNULL = YES;
				CLANG_ANALYZER_NUMBER_OBJECT_CONVERSION = YES_AGGRESSIVE;
				CLANG_CXX_LANGUAGE_STANDARD = "gnu++14";
				CLANG_CXX_LIBRARY = "libc++";
				CLANG_ENABLE_MODULES = YES;
				CLANG_ENABLE_OBJC_ARC = YES;
				CLANG_ENABLE_OBJC_WEAK = YES;
				CLANG_WARN_BLOCK_CAPTURE_AUTORELEASING = YES;
				CLANG_WARN_BOOL_CONVERSION = YES;
				CLANG_WARN_COMMA = YES;
				CLANG_WARN_CONSTANT_CONVERSION = YES;
				CLANG_WARN_DEPRECATED_OBJC_IMPLEMENTATIONS = YES;
				CLANG_WARN_DIRECT_OBJC_ISA_USAGE = YES_ERROR;
				CLANG_WARN_DOCUMENTATION_COMMENTS = YES;
				CLANG_WARN_EMPTY_BODY = YES;
				CLANG_WARN_ENUM_CONVERSION = YES;
				CLANG_WARN_INFINITE_RECURSION = YES;
				CLANG_WARN_INT_CONVERSION = YES;
				CLANG_WARN_NON_LITERAL_NULL_CONVERSION = YES;
				CLANG_WARN_OBJC_IMPLICIT_RETAIN_SELF = YES;
				CLANG_WARN_OBJC_LITERAL_CONVERSION = YES;
				CLANG_WARN_OBJC_ROOT_CLASS = YES_ERROR;
				CLANG_WARN_RANGE_LOOP_ANALYSIS = YES;
				CLANG_WARN_STRICT_PROTOTYPES = YES;
				CLANG_WARN_SUSPICIOUS_MOVE = YES;
				CLANG_WARN_UNGUARDED_AVAILABILITY = YES_AGGRESSIVE;
				CLANG_WARN_UNREACHABLE_CODE = YES;
				CLANG_WARN__DUPLICATE_METHOD_MATCH = YES;
				COPY_PHASE_STRIP = NO;
				DEBUG_INFORMATION_FORMAT = dwarf;
				ENABLE_STRICT_OBJC_MSGSEND = YES;
				ENABLE_TESTABILITY = YES;
				GCC_C_LANGUAGE_STANDARD = gnu11;
				GCC_DYNAMIC_NO_PIC = NO;
				GCC_NO_COMMON_BLOCKS = YES;
				GCC_OPTIMIZATION_LEVEL = 0;
				GCC_PREPROCESSOR_DEFINITIONS = (
					"DEBUG=1",
					"$(inherited)",
				);
				GCC_WARN_64_TO_32_BIT_CONVERSION = YES;
				GCC_WARN_ABOUT_RETURN_TYPE = YES_ERROR;
				GCC_WARN_UNDECLARED_SELECTOR = YES;
				GCC_WARN_UNINITIALIZED_AUTOS = YES_AGGRESSIVE;
				GCC_WARN_UNUSED_FUNCTION = YES;
				GCC_WARN_UNUSED_VARIABLE = YES;
				IPHONEOS_DEPLOYMENT_TARGET = 13.2;
				MTL_ENABLE_DEBUG_INFO = INCLUDE_SOURCE;
				MTL_FAST_MATH = YES;
				ONLY_ACTIVE_ARCH = YES;
				SDKROOT = iphoneos;
				SWIFT_ACTIVE_COMPILATION_CONDITIONS = DEBUG;
				SWIFT_OPTIMIZATION_LEVEL = "-Onone";
			};
			name = Debug;
		};
		CFAC65D7238B1D1A00C3E377 /* Release */ = {
			isa = XCBuildConfiguration;
			buildSettings = {
				ALWAYS_SEARCH_USER_PATHS = NO;
				CLANG_ANALYZER_NONNULL = YES;
				CLANG_ANALYZER_NUMBER_OBJECT_CONVERSION = YES_AGGRESSIVE;
				CLANG_CXX_LANGUAGE_STANDARD = "gnu++14";
				CLANG_CXX_LIBRARY = "libc++";
				CLANG_ENABLE_MODULES = YES;
				CLANG_ENABLE_OBJC_ARC = YES;
				CLANG_ENABLE_OBJC_WEAK = YES;
				CLANG_WARN_BLOCK_CAPTURE_AUTORELEASING = YES;
				CLANG_WARN_BOOL_CONVERSION = YES;
				CLANG_WARN_COMMA = YES;
				CLANG_WARN_CONSTANT_CONVERSION = YES;
				CLANG_WARN_DEPRECATED_OBJC_IMPLEMENTATIONS = YES;
				CLANG_WARN_DIRECT_OBJC_ISA_USAGE = YES_ERROR;
				CLANG_WARN_DOCUMENTATION_COMMENTS = YES;
				CLANG_WARN_EMPTY_BODY = YES;
				CLANG_WARN_ENUM_CONVERSION = YES;
				CLANG_WARN_INFINITE_RECURSION = YES;
				CLANG_WARN_INT_CONVERSION = YES;
				CLANG_WARN_NON_LITERAL_NULL_CONVERSION = YES;
				CLANG_WARN_OBJC_IMPLICIT_RETAIN_SELF = YES;
				CLANG_WARN_OBJC_LITERAL_CONVERSION = YES;
				CLANG_WARN_OBJC_ROOT_CLASS = YES_ERROR;
				CLANG_WARN_RANGE_LOOP_ANALYSIS = YES;
				CLANG_WARN_STRICT_PROTOTYPES = YES;
				CLANG_WARN_SUSPICIOUS_MOVE = YES;
				CLANG_WARN_UNGUARDED_AVAILABILITY = YES_AGGRESSIVE;
				CLANG_WARN_UNREACHABLE_CODE = YES;
				CLANG_WARN__DUPLICATE_METHOD_MATCH = YES;
				COPY_PHASE_STRIP = NO;
				DEBUG_INFORMATION_FORMAT = "dwarf-with-dsym";
				ENABLE_NS_ASSERTIONS = NO;
				ENABLE_STRICT_OBJC_MSGSEND = YES;
				GCC_C_LANGUAGE_STANDARD = gnu11;
				GCC_NO_COMMON_BLOCKS = YES;
				GCC_WARN_64_TO_32_BIT_CONVERSION = YES;
				GCC_WARN_ABOUT_RETURN_TYPE = YES_ERROR;
				GCC_WARN_UNDECLARED_SELECTOR = YES;
				GCC_WARN_UNINITIALIZED_AUTOS = YES_AGGRESSIVE;
				GCC_WARN_UNUSED_FUNCTION = YES;
				GCC_WARN_UNUSED_VARIABLE = YES;
				IPHONEOS_DEPLOYMENT_TARGET = 13.2;
				MTL_ENABLE_DEBUG_INFO = NO;
				MTL_FAST_MATH = YES;
				SDKROOT = iphoneos;
				SWIFT_COMPILATION_MODE = wholemodule;
				SWIFT_OPTIMIZATION_LEVEL = "-O";
				VALIDATE_PRODUCT = YES;
			};
			name = Release;
		};
		CFAC65D9238B1D1A00C3E377 /* Debug */ = {
			isa = XCBuildConfiguration;
			buildSettings = {
				ASSETCATALOG_COMPILER_APPICON_NAME = AppIcon;
				CODE_SIGN_ENTITLEMENTS = "H4X0R-News/H4X0R-News.entitlements";
				CODE_SIGN_STYLE = Automatic;
				DERIVE_MACCATALYST_PRODUCT_BUNDLE_IDENTIFIER = YES;
				DEVELOPMENT_ASSET_PATHS = "\"H4X0R-News/Preview Content\"";
				DEVELOPMENT_TEAM = TNSM43P2F3;
				ENABLE_PREVIEWS = YES;
				INFOPLIST_FILE = "H4X0R-News/Info.plist";
				IPHONEOS_DEPLOYMENT_TARGET = 13.1;
				LD_RUNPATH_SEARCH_PATHS = (
					"$(inherited)",
					"@executable_path/Frameworks",
				);
				PRODUCT_BUNDLE_IDENTIFIER = "com.javiercueto.H4X0R-News";
				PRODUCT_NAME = "$(TARGET_NAME)";
				SUPPORTS_MACCATALYST = YES;
				SWIFT_VERSION = 5.0;
				TARGETED_DEVICE_FAMILY = "1,2";
			};
			name = Debug;
		};
		CFAC65DA238B1D1A00C3E377 /* Release */ = {
			isa = XCBuildConfiguration;
			buildSettings = {
				ASSETCATALOG_COMPILER_APPICON_NAME = AppIcon;
				CODE_SIGN_ENTITLEMENTS = "H4X0R-News/H4X0R-News.entitlements";
				CODE_SIGN_STYLE = Automatic;
				DERIVE_MACCATALYST_PRODUCT_BUNDLE_IDENTIFIER = YES;
				DEVELOPMENT_ASSET_PATHS = "\"H4X0R-News/Preview Content\"";
				DEVELOPMENT_TEAM = TNSM43P2F3;
				ENABLE_PREVIEWS = YES;
				INFOPLIST_FILE = "H4X0R-News/Info.plist";
				IPHONEOS_DEPLOYMENT_TARGET = 13.1;
				LD_RUNPATH_SEARCH_PATHS = (
					"$(inherited)",
					"@executable_path/Frameworks",
				);
				PRODUCT_BUNDLE_IDENTIFIER = "com.javiercueto.H4X0R-News";
				PRODUCT_NAME = "$(TARGET_NAME)";
				SUPPORTS_MACCATALYST = YES;
				SWIFT_VERSION = 5.0;
				TARGETED_DEVICE_FAMILY = "1,2";
			};
			name = Release;
		};
/* End XCBuildConfiguration section */

/* Begin XCConfigurationList section */
		CFAC65BF238B1D1A00C3E377 /* Build configuration list for PBXProject "H4X0R-News" */ = {
			isa = XCConfigurationList;
			buildConfigurations = (
				CFAC65D6238B1D1A00C3E377 /* Debug */,
				CFAC65D7238B1D1A00C3E377 /* Release */,
			);
			defaultConfigurationIsVisible = 0;
			defaultConfigurationName = Release;
		};
		CFAC65D8238B1D1A00C3E377 /* Build configuration list for PBXNativeTarget "H4X0R-News" */ = {
			isa = XCConfigurationList;
			buildConfigurations = (
				CFAC65D9238B1D1A00C3E377 /* Debug */,
				CFAC65DA238B1D1A00C3E377 /* Release */,
			);
			defaultConfigurationIsVisible = 0;
			defaultConfigurationName = Release;
		};
/* End XCConfigurationList section */
	};
	rootObject = CFAC65BC238B1D1A00C3E377 /* Project object */;
}
